<Solution>
  <Project Path="ECommerceAppHw13.Tests/ECommerceAppHw13.Tests.csproj" Id="26829534-aab2-4cc9-8fe4-e40b744d9468" />
  <Project Path="ecommerceappl8.client/ecommerceappl8.client.esproj">
    <Build />
    <Deploy />
  </Project>
  <Project Path="ECommerceAppL8.Server/ECommerceAppL8.Server.csproj" />
</Solution>
